
Microsoft Visual Studio Solution File, Format Version 12.00
# Visual Studio Version 17
VisualStudioVersion = 17.13.35931.197 d17.13
MinimumVisualStudioVersion = 10.0.40219.1
Project("{8BC9CEB8-8B4A-11D0-8D11-00A0C91BC942}") = "Task 2", "Task 2.vcxproj", "{C544A02F-2EF1-46D5-BFF8-4C5616B46E48}"
EndProject
Global
	GlobalSection(SolutionConfigurationPlatforms) = preSolution
		Debug|x64 = Debug|x64
		Debug|x86 = Debug|x86
		Release|x64 = Release|x64
		Release|x86 = Release|x86
	EndGlobalSection
	GlobalSection(ProjectConfigurationPlatforms) = postSolution
		{C544A02F-2EF1-46D5-BFF8-4C5616B46E48}.Debug|x64.ActiveCfg = Debug|x64
		{C544A02F-2EF1-46D5-BFF8-4C5616B46E48}.Debug|x64.Build.0 = Debug|x64
		{C544A02F-2EF1-46D5-BFF8-4C5616B46E48}.Debug|x86.ActiveCfg = Debug|Win32
		{C544A02F-2EF1-46D5-BFF8-4C5616B46E48}.Debug|x86.Build.0 = Debug|Win32
		{C544A02F-2EF1-46D5-BFF8-4C5616B46E48}.Release|x64.ActiveCfg = Release|x64
		{C544A02F-2EF1-46D5-BFF8-4C5616B46E48}.Release|x64.Build.0 = Release|x64
		{C544A02F-2EF1-46D5-BFF8-4C5616B46E48}.Release|x86.ActiveCfg = Release|Win32
		{C544A02F-2EF1-46D5-BFF8-4C5616B46E48}.Release|x86.Build.0 = Release|Win32
	EndGlobalSection
	GlobalSection(SolutionProperties) = preSolution
		HideSolutionNode = FALSE
	EndGlobalSection
	GlobalSection(ExtensibilityGlobals) = postSolution
		SolutionGuid = {A7042140-EE05-40DB-87EA-C526B5C21AB9}
	EndGlobalSection
EndGlobal
